
Microsoft Visual Studio Solution File, Format Version 12.00
# Visual Studio Version 17
VisualStudioVersion = 17.4.33103.184
MinimumVisualStudioVersion = 10.0.40219.1
Project("{2150E333-8FDC-42A3-9474-1A3956D46DE8}") = "docs", "docs", "{84C11D1F-94ED-4B71-AB28-0F7CE61E4D9E}"
	ProjectSection(SolutionItems) = preProject
		structure.md = structure.md
	EndProjectSection
EndProject
Project("{FAE04EC0-301F-11D3-BF4B-00C04F79EFBC}") = "ProcessInjection", "ProcessInjection\ProcessInjection.csproj", "{AF4C3838-270A-46C9-9771-A2507842DA38}"
EndProject
Project("{FAE04EC0-301F-11D3-BF4B-00C04F79EFBC}") = "DeeceWorker", "DeeceWorker\DeeceWorker.csproj", "{69614D38-715B-4646-8D5C-DD615A965B16}"
EndProject
Project("{FAE04EC0-301F-11D3-BF4B-00C04F79EFBC}") = "DeeceWorkerApi", "DeeceWorkerApi\DeeceWorkerApi.csproj", "{61D9F523-EFE3-44A2-A42E-4719D9A03452}"
EndProject
Global
	GlobalSection(SolutionConfigurationPlatforms) = preSolution
		Debug|Any CPU = Debug|Any CPU
		Release|Any CPU = Release|Any CPU
	EndGlobalSection
	GlobalSection(ProjectConfigurationPlatforms) = postSolution
		{AF4C3838-270A-46C9-9771-A2507842DA38}.Debug|Any CPU.ActiveCfg = Debug|Any CPU
		{AF4C3838-270A-46C9-9771-A2507842DA38}.Debug|Any CPU.Build.0 = Debug|Any CPU
		{AF4C3838-270A-46C9-9771-A2507842DA38}.Release|Any CPU.ActiveCfg = Release|Any CPU
		{AF4C3838-270A-46C9-9771-A2507842DA38}.Release|Any CPU.Build.0 = Release|Any CPU
		{69614D38-715B-4646-8D5C-DD615A965B16}.Debug|Any CPU.ActiveCfg = Debug|Any CPU
		{69614D38-715B-4646-8D5C-DD615A965B16}.Debug|Any CPU.Build.0 = Debug|Any CPU
		{69614D38-715B-4646-8D5C-DD615A965B16}.Release|Any CPU.ActiveCfg = Release|Any CPU
		{69614D38-715B-4646-8D5C-DD615A965B16}.Release|Any CPU.Build.0 = Release|Any CPU
		{61D9F523-EFE3-44A2-A42E-4719D9A03452}.Debug|Any CPU.ActiveCfg = Debug|Any CPU
		{61D9F523-EFE3-44A2-A42E-4719D9A03452}.Debug|Any CPU.Build.0 = Debug|Any CPU
		{61D9F523-EFE3-44A2-A42E-4719D9A03452}.Release|Any CPU.ActiveCfg = Release|Any CPU
		{61D9F523-EFE3-44A2-A42E-4719D9A03452}.Release|Any CPU.Build.0 = Release|Any CPU
	EndGlobalSection
	GlobalSection(SolutionProperties) = preSolution
		HideSolutionNode = FALSE
	EndGlobalSection
	GlobalSection(ExtensibilityGlobals) = postSolution
		SolutionGuid = {7450CC52-A3EC-43BC-9D95-2C9185D0B462}
	EndGlobalSection
EndGlobal
